
Microsoft Visual Studio Solution File, Format Version 12.00
# Visual Studio 2012
Project("{FAE04EC0-301F-11D3-BF4B-00C04F79EFBC}") = "NoteCards", "NoteCards\NoteCards.csproj", "{E2DDE00F-5B30-4166-81C0-8CDD3332C083}"
EndProject
Project("{FAE04EC0-301F-11D3-BF4B-00C04F79EFBC}") = "XMLReader", "XMLReader\XMLReader.csproj", "{12750738-B72E-440D-9F17-BA03E0FA3A6A}"
EndProject
Project("{FAE04EC0-301F-11D3-BF4B-00C04F79EFBC}") = "Resources", "Resources\Resources.csproj", "{04E597E9-BAB4-406F-B664-C031C797F69D}"
EndProject
Global
	GlobalSection(SolutionConfigurationPlatforms) = preSolution
		Debug|Any CPU = Debug|Any CPU
		Debug|Mixed Platforms = Debug|Mixed Platforms
		Debug|Win32 = Debug|Win32
		Debug|x64 = Debug|x64
		Debug|x86 = Debug|x86
		Release|Any CPU = Release|Any CPU
		Release|Mixed Platforms = Release|Mixed Platforms
		Release|Win32 = Release|Win32
		Release|x64 = Release|x64
		Release|x86 = Release|x86
	EndGlobalSection
	GlobalSection(ProjectConfigurationPlatforms) = postSolution
		{E2DDE00F-5B30-4166-81C0-8CDD3332C083}.Debug|Any CPU.ActiveCfg = Debug|x64
		{E2DDE00F-5B30-4166-81C0-8CDD3332C083}.Debug|Mixed Platforms.ActiveCfg = Debug|x64
		{E2DDE00F-5B30-4166-81C0-8CDD3332C083}.Debug|Mixed Platforms.Build.0 = Debug|x64
		{E2DDE00F-5B30-4166-81C0-8CDD3332C083}.Debug|Win32.ActiveCfg = Debug|x86
		{E2DDE00F-5B30-4166-81C0-8CDD3332C083}.Debug|Win32.Build.0 = Debug|x86
		{E2DDE00F-5B30-4166-81C0-8CDD3332C083}.Debug|x64.ActiveCfg = Debug|x64
		{E2DDE00F-5B30-4166-81C0-8CDD3332C083}.Debug|x64.Build.0 = Debug|x64
		{E2DDE00F-5B30-4166-81C0-8CDD3332C083}.Debug|x86.ActiveCfg = Debug|x86
		{E2DDE00F-5B30-4166-81C0-8CDD3332C083}.Debug|x86.Build.0 = Debug|x86
		{E2DDE00F-5B30-4166-81C0-8CDD3332C083}.Release|Any CPU.ActiveCfg = Release|x64
		{E2DDE00F-5B30-4166-81C0-8CDD3332C083}.Release|Mixed Platforms.ActiveCfg = Release|x64
		{E2DDE00F-5B30-4166-81C0-8CDD3332C083}.Release|Mixed Platforms.Build.0 = Release|x64
		{E2DDE00F-5B30-4166-81C0-8CDD3332C083}.Release|Win32.ActiveCfg = Release|x86
		{E2DDE00F-5B30-4166-81C0-8CDD3332C083}.Release|Win32.Build.0 = Release|x86
		{E2DDE00F-5B30-4166-81C0-8CDD3332C083}.Release|x64.ActiveCfg = Release|x64
		{E2DDE00F-5B30-4166-81C0-8CDD3332C083}.Release|x64.Build.0 = Release|x64
		{E2DDE00F-5B30-4166-81C0-8CDD3332C083}.Release|x86.ActiveCfg = Release|x86
		{E2DDE00F-5B30-4166-81C0-8CDD3332C083}.Release|x86.Build.0 = Release|x86
		{12750738-B72E-440D-9F17-BA03E0FA3A6A}.Debug|Any CPU.ActiveCfg = Debug|Any CPU
		{12750738-B72E-440D-9F17-BA03E0FA3A6A}.Debug|Any CPU.Build.0 = Debug|Any CPU
		{12750738-B72E-440D-9F17-BA03E0FA3A6A}.Debug|Mixed Platforms.ActiveCfg = Debug|Any CPU
		{12750738-B72E-440D-9F17-BA03E0FA3A6A}.Debug|Mixed Platforms.Build.0 = Debug|Any CPU
		{12750738-B72E-440D-9F17-BA03E0FA3A6A}.Debug|Win32.ActiveCfg = Debug|Any CPU
		{12750738-B72E-440D-9F17-BA03E0FA3A6A}.Debug|x64.ActiveCfg = Debug|Any CPU
		{12750738-B72E-440D-9F17-BA03E0FA3A6A}.Debug|x86.ActiveCfg = Debug|Any CPU
		{12750738-B72E-440D-9F17-BA03E0FA3A6A}.Release|Any CPU.ActiveCfg = Release|Any CPU
		{12750738-B72E-440D-9F17-BA03E0FA3A6A}.Release|Any CPU.Build.0 = Release|Any CPU
		{12750738-B72E-440D-9F17-BA03E0FA3A6A}.Release|Mixed Platforms.ActiveCfg = Release|Any CPU
		{12750738-B72E-440D-9F17-BA03E0FA3A6A}.Release|Mixed Platforms.Build.0 = Release|Any CPU
		{12750738-B72E-440D-9F17-BA03E0FA3A6A}.Release|Win32.ActiveCfg = Release|Any CPU
		{12750738-B72E-440D-9F17-BA03E0FA3A6A}.Release|x64.ActiveCfg = Release|Any CPU
		{12750738-B72E-440D-9F17-BA03E0FA3A6A}.Release|x86.ActiveCfg = Release|Any CPU
		{04E597E9-BAB4-406F-B664-C031C797F69D}.Debug|Any CPU.ActiveCfg = Debug|Any CPU
		{04E597E9-BAB4-406F-B664-C031C797F69D}.Debug|Any CPU.Build.0 = Debug|Any CPU
		{04E597E9-BAB4-406F-B664-C031C797F69D}.Debug|Mixed Platforms.ActiveCfg = Debug|Any CPU
		{04E597E9-BAB4-406F-B664-C031C797F69D}.Debug|Mixed Platforms.Build.0 = Debug|Any CPU
		{04E597E9-BAB4-406F-B664-C031C797F69D}.Debug|Win32.ActiveCfg = Debug|Any CPU
		{04E597E9-BAB4-406F-B664-C031C797F69D}.Debug|x64.ActiveCfg = Debug|Any CPU
		{04E597E9-BAB4-406F-B664-C031C797F69D}.Debug|x86.ActiveCfg = Debug|Any CPU
		{04E597E9-BAB4-406F-B664-C031C797F69D}.Release|Any CPU.ActiveCfg = Release|Any CPU
		{04E597E9-BAB4-406F-B664-C031C797F69D}.Release|Any CPU.Build.0 = Release|Any CPU
		{04E597E9-BAB4-406F-B664-C031C797F69D}.Release|Mixed Platforms.ActiveCfg = Release|Any CPU
		{04E597E9-BAB4-406F-B664-C031C797F69D}.Release|Mixed Platforms.Build.0 = Release|Any CPU
		{04E597E9-BAB4-406F-B664-C031C797F69D}.Release|Win32.ActiveCfg = Release|Any CPU
		{04E597E9-BAB4-406F-B664-C031C797F69D}.Release|x64.ActiveCfg = Release|Any CPU
		{04E597E9-BAB4-406F-B664-C031C797F69D}.Release|x86.ActiveCfg = Release|Any CPU
	EndGlobalSection
	GlobalSection(SolutionProperties) = preSolution
		HideSolutionNode = FALSE
	EndGlobalSection
EndGlobal
